
Microsoft Visual Studio Solution File, Format Version 12.00
# Visual Studio Version 17
VisualStudioVersion = 17.5.002.0
MinimumVisualStudioVersion = 10.0.40219.1
Project("{9A19103F-16F7-4668-BE54-9A1E7A4F7556}") = "1015", "1015\1015.csproj", "{7CF8B53F-4BDB-4A37-87CA-7CAE6F60B210}"
EndProject
Project("{9A19103F-16F7-4668-BE54-9A1E7A4F7556}") = "1016", "1016\1016.csproj", "{FC4E87E4-7CCF-4889-B65C-0787FDFF4A8D}"
EndProject
Project("{9A19103F-16F7-4668-BE54-9A1E7A4F7556}") = "1017", "1017\1017.csproj", "{8991BE8E-8261-4062-B5F9-3CBC8A56AE08}"
EndProject
Global
	GlobalSection(SolutionConfigurationPlatforms) = preSolution
		Debug|Any CPU = Debug|Any CPU
		Release|Any CPU = Release|Any CPU
	EndGlobalSection
	GlobalSection(ProjectConfigurationPlatforms) = postSolution
		{7CF8B53F-4BDB-4A37-87CA-7CAE6F60B210}.Debug|Any CPU.ActiveCfg = Debug|Any CPU
		{7CF8B53F-4BDB-4A37-87CA-7CAE6F60B210}.Debug|Any CPU.Build.0 = Debug|Any CPU
		{7CF8B53F-4BDB-4A37-87CA-7CAE6F60B210}.Release|Any CPU.ActiveCfg = Release|Any CPU
		{7CF8B53F-4BDB-4A37-87CA-7CAE6F60B210}.Release|Any CPU.Build.0 = Release|Any CPU
		{FC4E87E4-7CCF-4889-B65C-0787FDFF4A8D}.Debug|Any CPU.ActiveCfg = Debug|Any CPU
		{FC4E87E4-7CCF-4889-B65C-0787FDFF4A8D}.Debug|Any CPU.Build.0 = Debug|Any CPU
		{FC4E87E4-7CCF-4889-B65C-0787FDFF4A8D}.Release|Any CPU.ActiveCfg = Release|Any CPU
		{FC4E87E4-7CCF-4889-B65C-0787FDFF4A8D}.Release|Any CPU.Build.0 = Release|Any CPU
		{8991BE8E-8261-4062-B5F9-3CBC8A56AE08}.Debug|Any CPU.ActiveCfg = Debug|Any CPU
		{8991BE8E-8261-4062-B5F9-3CBC8A56AE08}.Debug|Any CPU.Build.0 = Debug|Any CPU
		{8991BE8E-8261-4062-B5F9-3CBC8A56AE08}.Release|Any CPU.ActiveCfg = Release|Any CPU
		{8991BE8E-8261-4062-B5F9-3CBC8A56AE08}.Release|Any CPU.Build.0 = Release|Any CPU
	EndGlobalSection
	GlobalSection(SolutionProperties) = preSolution
		HideSolutionNode = FALSE
	EndGlobalSection
	GlobalSection(ExtensibilityGlobals) = postSolution
		SolutionGuid = {C66DDF86-A09E-4023-A324-2560C2DA9346}
	EndGlobalSection
EndGlobal
